
Microsoft Visual Studio Solution File, Format Version 12.00
# Visual Studio 2012
Project("{FAE04EC0-301F-11D3-BF4B-00C04F79EFBC}") = "BlackJack", "BlackJack\BlackJack.csproj", "{8DC69287-8D9C-42A4-A076-72C9999EE498}"
EndProject
Project("{FAE04EC0-301F-11D3-BF4B-00C04F79EFBC}") = "BlackJack.Droid", "Droid\BlackJack.Droid.csproj", "{0A453088-143D-4C99-AD37-DD61BA38306A}"
EndProject
Project("{FAE04EC0-301F-11D3-BF4B-00C04F79EFBC}") = "BlackJack.iOS", "iOS\BlackJack.iOS.csproj", "{1C3F804E-967D-4311-A748-C5E40046649C}"
EndProject
Global
	GlobalSection(SolutionConfigurationPlatforms) = preSolution
		Debug|Any CPU = Debug|Any CPU
		Release|Any CPU = Release|Any CPU
		Debug|iPhoneSimulator = Debug|iPhoneSimulator
		Release|iPhone = Release|iPhone
		Release|iPhoneSimulator = Release|iPhoneSimulator
		Debug|iPhone = Debug|iPhone
	EndGlobalSection
	GlobalSection(ProjectConfigurationPlatforms) = postSolution
		{8DC69287-8D9C-42A4-A076-72C9999EE498}.Debug|Any CPU.ActiveCfg = Debug|Any CPU
		{8DC69287-8D9C-42A4-A076-72C9999EE498}.Debug|Any CPU.Build.0 = Debug|Any CPU
		{8DC69287-8D9C-42A4-A076-72C9999EE498}.Release|Any CPU.ActiveCfg = Release|Any CPU
		{8DC69287-8D9C-42A4-A076-72C9999EE498}.Release|Any CPU.Build.0 = Release|Any CPU
		{8DC69287-8D9C-42A4-A076-72C9999EE498}.Debug|iPhoneSimulator.ActiveCfg = Debug|Any CPU
		{8DC69287-8D9C-42A4-A076-72C9999EE498}.Debug|iPhoneSimulator.Build.0 = Debug|Any CPU
		{8DC69287-8D9C-42A4-A076-72C9999EE498}.Release|iPhone.ActiveCfg = Release|Any CPU
		{8DC69287-8D9C-42A4-A076-72C9999EE498}.Release|iPhone.Build.0 = Release|Any CPU
		{8DC69287-8D9C-42A4-A076-72C9999EE498}.Release|iPhoneSimulator.ActiveCfg = Release|Any CPU
		{8DC69287-8D9C-42A4-A076-72C9999EE498}.Release|iPhoneSimulator.Build.0 = Release|Any CPU
		{8DC69287-8D9C-42A4-A076-72C9999EE498}.Debug|iPhone.ActiveCfg = Debug|Any CPU
		{8DC69287-8D9C-42A4-A076-72C9999EE498}.Debug|iPhone.Build.0 = Debug|Any CPU
		{0A453088-143D-4C99-AD37-DD61BA38306A}.Debug|Any CPU.ActiveCfg = Debug|Any CPU
		{0A453088-143D-4C99-AD37-DD61BA38306A}.Debug|Any CPU.Build.0 = Debug|Any CPU
		{0A453088-143D-4C99-AD37-DD61BA38306A}.Release|Any CPU.ActiveCfg = Release|Any CPU
		{0A453088-143D-4C99-AD37-DD61BA38306A}.Release|Any CPU.Build.0 = Release|Any CPU
		{0A453088-143D-4C99-AD37-DD61BA38306A}.Debug|iPhoneSimulator.ActiveCfg = Debug|Any CPU
		{0A453088-143D-4C99-AD37-DD61BA38306A}.Debug|iPhoneSimulator.Build.0 = Debug|Any CPU
		{0A453088-143D-4C99-AD37-DD61BA38306A}.Release|iPhone.ActiveCfg = Release|Any CPU
		{0A453088-143D-4C99-AD37-DD61BA38306A}.Release|iPhone.Build.0 = Release|Any CPU
		{0A453088-143D-4C99-AD37-DD61BA38306A}.Release|iPhoneSimulator.ActiveCfg = Release|Any CPU
		{0A453088-143D-4C99-AD37-DD61BA38306A}.Release|iPhoneSimulator.Build.0 = Release|Any CPU
		{0A453088-143D-4C99-AD37-DD61BA38306A}.Debug|iPhone.ActiveCfg = Debug|Any CPU
		{0A453088-143D-4C99-AD37-DD61BA38306A}.Debug|iPhone.Build.0 = Debug|Any CPU
		{1C3F804E-967D-4311-A748-C5E40046649C}.Debug|Any CPU.ActiveCfg = Debug|iPhoneSimulator
		{1C3F804E-967D-4311-A748-C5E40046649C}.Debug|Any CPU.Build.0 = Debug|iPhoneSimulator
		{1C3F804E-967D-4311-A748-C5E40046649C}.Release|Any CPU.ActiveCfg = Release|iPhone
		{1C3F804E-967D-4311-A748-C5E40046649C}.Release|Any CPU.Build.0 = Release|iPhone
		{1C3F804E-967D-4311-A748-C5E40046649C}.Debug|iPhoneSimulator.ActiveCfg = Debug|iPhoneSimulator
		{1C3F804E-967D-4311-A748-C5E40046649C}.Debug|iPhoneSimulator.Build.0 = Debug|iPhoneSimulator
		{1C3F804E-967D-4311-A748-C5E40046649C}.Release|iPhone.ActiveCfg = Release|iPhone
		{1C3F804E-967D-4311-A748-C5E40046649C}.Release|iPhone.Build.0 = Release|iPhone
		{1C3F804E-967D-4311-A748-C5E40046649C}.Release|iPhoneSimulator.ActiveCfg = Release|iPhoneSimulator
		{1C3F804E-967D-4311-A748-C5E40046649C}.Release|iPhoneSimulator.Build.0 = Release|iPhoneSimulator
		{1C3F804E-967D-4311-A748-C5E40046649C}.Debug|iPhone.ActiveCfg = Debug|iPhone
		{1C3F804E-967D-4311-A748-C5E40046649C}.Debug|iPhone.Build.0 = Debug|iPhone
	EndGlobalSection
EndGlobal
